// !$*UTF8*$!
{
	archiveVersion = 1;
	classes = {
	};
	objectVersion = 46;
	objects = {

/* Begin PBXBuildFile section */
		C00A3F9B1C162B4C0081AE68 /* AppDelegate.swift in Sources */ = {isa = PBXBuildFile; fileRef = C00A3F9A1C162B4C0081AE68 /* AppDelegate.swift */; };
		C00A3F9D1C162B4C0081AE68 /* ViewController.swift in Sources */ = {isa = PBXBuildFile; fileRef = C00A3F9C1C162B4C0081AE68 /* ViewController.swift */; };
		C00A3FA01C162B4C0081AE68 /* Main.storyboard in Resources */ = {isa = PBXBuildFile; fileRef = C00A3F9E1C162B4C0081AE68 /* Main.storyboard */; };
		C00A3FA21C162B4C0081AE68 /* Assets.xcassets in Resources */ = {isa = PBXBuildFile; fileRef = C00A3FA11C162B4C0081AE68 /* Assets.xcassets */; };
		C00A3FA51C162B4C0081AE68 /* LaunchScreen.storyboard in Resources */ = {isa = PBXBuildFile; fileRef = C00A3FA31C162B4C0081AE68 /* LaunchScreen.storyboard */; };
		C00A3FAD1C162C080081AE68 /* Character.swift in Sources */ = {isa = PBXBuildFile; fileRef = C00A3FAC1C162C080081AE68 /* Character.swift */; };
		C00A3FAF1C162D2C0081AE68 /* Player.swift in Sources */ = {isa = PBXBuildFile; fileRef = C00A3FAE1C162D2C0081AE68 /* Player.swift */; };
		C00A3FB11C162E7E0081AE68 /* Enemy.swift in Sources */ = {isa = PBXBuildFile; fileRef = C00A3FB01C162E7E0081AE68 /* Enemy.swift */; };
		C00A3FB51C1630070081AE68 /* Kimara.swift in Sources */ = {isa = PBXBuildFile; fileRef = C00A3FB41C1630070081AE68 /* Kimara.swift */; };
		C00A3FB71C1631B20081AE68 /* DevilWizard.swift in Sources */ = {isa = PBXBuildFile; fileRef = C00A3FB61C1631B20081AE68 /* DevilWizard.swift */; };
		C00A3FB91C171F410081AE68 /* Game.swift in Sources */ = {isa = PBXBuildFile; fileRef = C00A3FB81C171F410081AE68 /* Game.swift */; };
/* End PBXBuildFile section */

/* Begin PBXFileReference section */
		C00A3F971C162B4C0081AE68 /* rpg.app */ = {isa = PBXFileReference; explicitFileType = wrapper.application; includeInIndex = 0; path = rpg.app; sourceTree = BUILT_PRODUCTS_DIR; };
		C00A3F9A1C162B4C0081AE68 /* AppDelegate.swift */ = {isa = PBXFileReference; lastKnownFileType = sourcecode.swift; path = AppDelegate.swift; sourceTree = "<group>"; };
		C00A3F9C1C162B4C0081AE68 /* ViewController.swift */ = {isa = PBXFileReference; lastKnownFileType = sourcecode.swift; path = ViewController.swift; sourceTree = "<group>"; };
		C00A3F9F1C162B4C0081AE68 /* Base */ = {isa = PBXFileReference; lastKnownFileType = file.storyboard; name = Base; path = Base.lproj/Main.storyboard; sourceTree = "<group>"; };
		C00A3FA11C162B4C0081AE68 /* Assets.xcassets */ = {isa = PBXFileReference; lastKnownFileType = folder.assetcatalog; path = Assets.xcassets; sourceTree = "<group>"; };
		C00A3FA41C162B4C0081AE68 /* Base */ = {isa = PBXFileReference; lastKnownFileType = file.storyboard; name = Base; path = Base.lproj/LaunchScreen.storyboard; sourceTree = "<group>"; };
		C00A3FA61C162B4C0081AE68 /* Info.plist */ = {isa = PBXFileReference; lastKnownFileType = text.plist.xml; path = Info.plist; sourceTree = "<group>"; };
		C00A3FAC1C162C080081AE68 /* Character.swift */ = {isa = PBXFileReference; fileEncoding = 4; lastKnownFileType = sourcecode.swift; path = Character.swift; sourceTree = "<group>"; };
		C00A3FAE1C162D2C0081AE68 /* Player.swift */ = {isa = PBXFileReference; fileEncoding = 4; lastKnownFileType = sourcecode.swift; path = Player.swift; sourceTree = "<group>"; };
		C00A3FB01C162E7E0081AE68 /* Enemy.swift */ = {isa = PBXFileReference; fileEncoding = 4; lastKnownFileType = sourcecode.swift; path = Enemy.swift; sourceTree = "<group>"; };
		C00A3FB41C1630070081AE68 /* Kimara.swift */ = {isa = PBXFileReference; fileEncoding = 4; lastKnownFileType = sourcecode.swift; path = Kimara.swift; sourceTree = "<group>"; };
		C00A3FB61C1631B20081AE68 /* DevilWizard.swift */ = {isa = PBXFileReference; fileEncoding = 4; lastKnownFileType = sourcecode.swift; path = DevilWizard.swift; sourceTree = "<group>"; };
		C00A3FB81C171F410081AE68 /* Game.swift */ = {isa = PBXFileReference; fileEncoding = 4; lastKnownFileType = sourcecode.swift; path = Game.swift; sourceTree = "<group>"; };
/* End PBXFileReference section */

/* Begin PBXFrameworksBuildPhase section */
		C00A3F941C162B4C0081AE68 /* Frameworks */ = {
			isa = PBXFrameworksBuildPhase;
			buildActionMask = 2147483647;
			files = (
			);
			runOnlyForDeploymentPostprocessing = 0;
		};
/* End PBXFrameworksBuildPhase section */

/* Begin PBXGroup section */
		C00A3F8E1C162B4C0081AE68 = {
			isa = PBXGroup;
			children = (
				C00A3F991C162B4C0081AE68 /* rpg */,
				C00A3F981C162B4C0081AE68 /* Products */,
			);
			sourceTree = "<group>";
		};
		C00A3F981C162B4C0081AE68 /* Products */ = {
			isa = PBXGroup;
			children = (
				C00A3F971C162B4C0081AE68 /* rpg.app */,
			);
			name = Products;
			sourceTree = "<group>";
		};
		C00A3F991C162B4C0081AE68 /* rpg */ = {
			isa = PBXGroup;
			children = (
				C00A3FB21C162FD90081AE68 /* Characters */,
				C00A3F9A1C162B4C0081AE68 /* AppDelegate.swift */,
				C00A3F9C1C162B4C0081AE68 /* ViewController.swift */,
				C00A3F9E1C162B4C0081AE68 /* Main.storyboard */,
				C00A3FA11C162B4C0081AE68 /* Assets.xcassets */,
				C00A3FA31C162B4C0081AE68 /* LaunchScreen.storyboard */,
				C00A3FA61C162B4C0081AE68 /* Info.plist */,
				C00A3FAC1C162C080081AE68 /* Character.swift */,
				C00A3FB81C171F410081AE68 /* Game.swift */,
			);
			path = rpg;
			sourceTree = "<group>";
		};
		C00A3FB21C162FD90081AE68 /* Characters */ = {
			isa = PBXGroup;
			children = (
				C00A3FB31C162FF70081AE68 /* Enemys */,
				C00A3FAE1C162D2C0081AE68 /* Player.swift */,
				C00A3FB01C162E7E0081AE68 /* Enemy.swift */,
			);
			name = Characters;
			sourceTree = "<group>";
		};
		C00A3FB31C162FF70081AE68 /* Enemys */ = {
			isa = PBXGroup;
			children = (
				C00A3FB41C1630070081AE68 /* Kimara.swift */,
				C00A3FB61C1631B20081AE68 /* DevilWizard.swift */,
			);
			name = Enemys;
			sourceTree = "<group>";
		};
/* End PBXGroup section */

/* Begin PBXNativeTarget section */
		C00A3F961C162B4C0081AE68 /* rpg */ = {
			isa = PBXNativeTarget;
			buildConfigurationList = C00A3FA91C162B4C0081AE68 /* Build configuration list for PBXNativeTarget "rpg" */;
			buildPhases = (
				C00A3F931C162B4C0081AE68 /* Sources */,
				C00A3F941C162B4C0081AE68 /* Frameworks */,
				C00A3F951C162B4C0081AE68 /* Resources */,
			);
			buildRules = (
			);
			dependencies = (
			);
			name = rpg;
			productName = rpg;
			productReference = C00A3F971C162B4C0081AE68 /* rpg.app */;
			productType = "com.apple.product-type.application";
		};
/* End PBXNativeTarget section */

/* Begin PBXProject section */
		C00A3F8F1C162B4C0081AE68 /* Project object */ = {
			isa = PBXProject;
			attributes = {
				LastSwiftUpdateCheck = 0710;
				LastUpgradeCheck = 0710;
				ORGANIZATIONNAME = ryant;
				TargetAttributes = {
					C00A3F961C162B4C0081AE68 = {
						CreatedOnToolsVersion = 7.1.1;
					};
				};
			};
			buildConfigurationList = C00A3F921C162B4C0081AE68 /* Build configuration list for PBXProject "rpg" */;
			compatibilityVersion = "Xcode 3.2";
			developmentRegion = English;
			hasScannedForEncodings = 0;
			knownRegions = (
				en,
				Base,
			);
			mainGroup = C00A3F8E1C162B4C0081AE68;
			productRefGroup = C00A3F981C162B4C0081AE68 /* Products */;
			projectDirPath = "";
			projectRoot = "";
			targets = (
				C00A3F961C162B4C0081AE68 /* rpg */,
			);
		};
/* End PBXProject section */

/* Begin PBXResourcesBuildPhase section */
		C00A3F951C162B4C0081AE68 /* Resources */ = {
			isa = PBXResourcesBuildPhase;
			buildActionMask = 2147483647;
			files = (
				C00A3FA51C162B4C0081AE68 /* LaunchScreen.storyboard in Resources */,
				C00A3FA21C162B4C0081AE68 /* Assets.xcassets in Resources */,
				C00A3FA01C162B4C0081AE68 /* Main.storyboard in Resources */,
			);
			runOnlyForDeploymentPostprocessing = 0;
		};
/* End PBXResourcesBuildPhase section */

/* Begin PBXSourcesBuildPhase section */
		C00A3F931C162B4C0081AE68 /* Sources */ = {
			isa = PBXSourcesBuildPhase;
			buildActionMask = 2147483647;
			files = (
				C00A3FAF1C162D2C0081AE68 /* Player.swift in Sources */,
				C00A3FB11C162E7E0081AE68 /* Enemy.swift in Sources */,
				C00A3FB71C1631B20081AE68 /* DevilWizard.swift in Sources */,
				C00A3FB51C1630070081AE68 /* Kimara.swift in Sources */,
				C00A3FAD1C162C080081AE68 /* Character.swift in Sources */,
				C00A3F9D1C162B4C0081AE68 /* ViewController.swift in Sources */,
				C00A3F9B1C162B4C0081AE68 /* AppDelegate.swift in Sources */,
				C00A3FB91C171F410081AE68 /* Game.swift in Sources */,
			);
			runOnlyForDeploymentPostprocessing = 0;
		};
/* End PBXSourcesBuildPhase section */

/* Begin PBXVariantGroup section */
		C00A3F9E1C162B4C0081AE68 /* Main.storyboard */ = {
			isa = PBXVariantGroup;
			children = (
				C00A3F9F1C162B4C0081AE68 /* Base */,
			);
			name = Main.storyboard;
			sourceTree = "<group>";
		};
		C00A3FA31C162B4C0081AE68 /* LaunchScreen.storyboard */ = {
			isa = PBXVariantGroup;
			children = (
				C00A3FA41C162B4C0081AE68 /* Base */,
			);
			name = LaunchScreen.storyboard;
			sourceTree = "<group>";
		};
/* End PBXVariantGroup section */

/* Begin XCBuildConfiguration section */
		C00A3FA71C162B4C0081AE68 /* Debug */ = {
			isa = XCBuildConfiguration;
			buildSettings = {
				ALWAYS_SEARCH_USER_PATHS = NO;
				CLANG_CXX_LANGUAGE_STANDARD = "gnu++0x";
				CLANG_CXX_LIBRARY = "libc++";
				CLANG_ENABLE_MODULES = YES;
				CLANG_ENABLE_OBJC_ARC = YES;
				CLANG_WARN_BOOL_CONVERSION = YES;
				CLANG_WARN_CONSTANT_CONVERSION = YES;
				CLANG_WARN_DIRECT_OBJC_ISA_USAGE = YES_ERROR;
				CLANG_WARN_EMPTY_BODY = YES;
				CLANG_WARN_ENUM_CONVERSION = YES;
				CLANG_WARN_INT_CONVERSION = YES;
				CLANG_WARN_OBJC_ROOT_CLASS = YES_ERROR;
				CLANG_WARN_UNREACHABLE_CODE = YES;
				CLANG_WARN__DUPLICATE_METHOD_MATCH = YES;
				"CODE_SIGN_IDENTITY[sdk=iphoneos*]" = "iPhone Developer";
				COPY_PHASE_STRIP = NO;
				DEBUG_INFORMATION_FORMAT = dwarf;
				ENABLE_STRICT_OBJC_MSGSEND = YES;
				ENABLE_TESTABILITY = YES;
				GCC_C_LANGUAGE_STANDARD = gnu99;
				GCC_DYNAMIC_NO_PIC = NO;
				GCC_NO_COMMON_BLOCKS = YES;
				GCC_OPTIMIZATION_LEVEL = 0;
				GCC_PREPROCESSOR_DEFINITIONS = (
					"DEBUG=1",
					"$(inherited)",
				);
				GCC_WARN_64_TO_32_BIT_CONVERSION = YES;
				GCC_WARN_ABOUT_RETURN_TYPE = YES_ERROR;
				GCC_WARN_UNDECLARED_SELECTOR = YES;
				GCC_WARN_UNINITIALIZED_AUTOS = YES_AGGRESSIVE;
				GCC_WARN_UNUSED_FUNCTION = YES;
				GCC_WARN_UNUSED_VARIABLE = YES;
				IPHONEOS_DEPLOYMENT_TARGET = 9.1;
				MTL_ENABLE_DEBUG_INFO = YES;
				ONLY_ACTIVE_ARCH = YES;
				SDKROOT = iphoneos;
				SWIFT_OPTIMIZATION_LEVEL = "-Onone";
				TARGETED_DEVICE_FAMILY = "1,2";
			};
			name = Debug;
		};
		C00A3FA81C162B4C0081AE68 /* Release */ = {
			isa = XCBuildConfiguration;
			buildSettings = {
				ALWAYS_SEARCH_USER_PATHS = NO;
				CLANG_CXX_LANGUAGE_STANDARD = "gnu++0x";
				CLANG_CXX_LIBRARY = "libc++";
				CLANG_ENABLE_MODULES = YES;
				CLANG_ENABLE_OBJC_ARC = YES;
				CLANG_WARN_BOOL_CONVERSION = YES;
				CLANG_WARN_CONSTANT_CONVERSION = YES;
				CLANG_WARN_DIRECT_OBJC_ISA_USAGE = YES_ERROR;
				CLANG_WARN_EMPTY_BODY = YES;
				CLANG_WARN_ENUM_CONVERSION = YES;
				CLANG_WARN_INT_CONVERSION = YES;
				CLANG_WARN_OBJC_ROOT_CLASS = YES_ERROR;
				CLANG_WARN_UNREACHABLE_CODE = YES;
				CLANG_WARN__DUPLICATE_METHOD_MATCH = YES;
				"CODE_SIGN_IDENTITY[sdk=iphoneos*]" = "iPhone Developer";
				COPY_PHASE_STRIP = NO;
				DEBUG_INFORMATION_FORMAT = "dwarf-with-dsym";
				ENABLE_NS_ASSERTIONS = NO;
				ENABLE_STRICT_OBJC_MSGSEND = YES;
				GCC_C_LANGUAGE_STANDARD = gnu99;
				GCC_NO_COMMON_BLOCKS = YES;
				GCC_WARN_64_TO_32_BIT_CONVERSION = YES;
				GCC_WARN_ABOUT_RETURN_TYPE = YES_ERROR;
				GCC_WARN_UNDECLARED_SELECTOR = YES;
				GCC_WARN_UNINITIALIZED_AUTOS = YES_AGGRESSIVE;
				GCC_WARN_UNUSED_FUNCTION = YES;
				GCC_WARN_UNUSED_VARIABLE = YES;
				IPHONEOS_DEPLOYMENT_TARGET = 9.1;
				MTL_ENABLE_DEBUG_INFO = NO;
				SDKROOT = iphoneos;
				TARGETED_DEVICE_FAMILY = "1,2";
				VALIDATE_PRODUCT = YES;
			};
			name = Release;
		};
		C00A3FAA1C162B4C0081AE68 /* Debug */ = {
			isa = XCBuildConfiguration;
			buildSettings = {
				ASSETCATALOG_COMPILER_APPICON_NAME = AppIcon;
				INFOPLIST_FILE = rpg/Info.plist;
				LD_RUNPATH_SEARCH_PATHS = "$(inherited) @executable_path/Frameworks";
				PRODUCT_BUNDLE_IDENTIFIER = com.ryant.rpg.rpg;
				PRODUCT_NAME = "$(TARGET_NAME)";
			};
			name = Debug;
		};
		C00A3FAB1C162B4C0081AE68 /* Release */ = {
			isa = XCBuildConfiguration;
			buildSettings = {
				ASSETCATALOG_COMPILER_APPICON_NAME = AppIcon;
				INFOPLIST_FILE = rpg/Info.plist;
				LD_RUNPATH_SEARCH_PATHS = "$(inherited) @executable_path/Frameworks";
				PRODUCT_BUNDLE_IDENTIFIER = com.ryant.rpg.rpg;
				PRODUCT_NAME = "$(TARGET_NAME)";
			};
			name = Release;
		};
/* End XCBuildConfiguration section */

/* Begin XCConfigurationList section */
		C00A3F921C162B4C0081AE68 /* Build configuration list for PBXProject "rpg" */ = {
			isa = XCConfigurationList;
			buildConfigurations = (
				C00A3FA71C162B4C0081AE68 /* Debug */,
				C00A3FA81C162B4C0081AE68 /* Release */,
			);
			defaultConfigurationIsVisible = 0;
			defaultConfigurationName = Release;
		};
		C00A3FA91C162B4C0081AE68 /* Build configuration list for PBXNativeTarget "rpg" */ = {
			isa = XCConfigurationList;
			buildConfigurations = (
				C00A3FAA1C162B4C0081AE68 /* Debug */,
				C00A3FAB1C162B4C0081AE68 /* Release */,
			);
			defaultConfigurationIsVisible = 0;
			defaultConfigurationName = Release;
		};
/* End XCConfigurationList section */
	};
	rootObject = C00A3F8F1C162B4C0081AE68 /* Project object */;
}
